
Microsoft Visual Studio Solution File, Format Version 12.00
# Visual Studio Version 17
VisualStudioVersion = 17.4.33213.308
MinimumVisualStudioVersion = 10.0.40219.1
Project("{FAE04EC0-301F-11D3-BF4B-00C04F79EFBC}") = "EjerciciosBasicos", "EjerciciosBasicos\EjerciciosBasicos.csproj", "{16537134-5C49-4D99-AF79-6DDBE67B96B1}"
EndProject
Global
	GlobalSection(SolutionConfigurationPlatforms) = preSolution
		Debug|Any CPU = Debug|Any CPU
		Release|Any CPU = Release|Any CPU
	EndGlobalSection
	GlobalSection(ProjectConfigurationPlatforms) = postSolution
		{16537134-5C49-4D99-AF79-6DDBE67B96B1}.Debug|Any CPU.ActiveCfg = Debug|Any CPU
		{16537134-5C49-4D99-AF79-6DDBE67B96B1}.Debug|Any CPU.Build.0 = Debug|Any CPU
		{16537134-5C49-4D99-AF79-6DDBE67B96B1}.Release|Any CPU.ActiveCfg = Release|Any CPU
		{16537134-5C49-4D99-AF79-6DDBE67B96B1}.Release|Any CPU.Build.0 = Release|Any CPU
	EndGlobalSection
	GlobalSection(SolutionProperties) = preSolution
		HideSolutionNode = FALSE
	EndGlobalSection
	GlobalSection(ExtensibilityGlobals) = postSolution
		SolutionGuid = {65AF4758-6769-4D5B-AB85-270AC0AA0A5B}
	EndGlobalSection
EndGlobal
